// !$*UTF8*$!
{
	archiveVersion = 1;
	classes = {
	};
	objectVersion = 46;
	objects = {

/* Begin PBXBuildFile section */
		4DDC6B131EE27FA300A26CE8 /* main.m in Sources */ = {isa = PBXBuildFile; fileRef = 4DDC6B121EE27FA300A26CE8 /* main.m */; };
		4DDC6B161EE27FA300A26CE8 /* AppDelegate.m in Sources */ = {isa = PBXBuildFile; fileRef = 4DDC6B151EE27FA300A26CE8 /* AppDelegate.m */; };
		4DDC6B191EE27FA300A26CE8 /* ViewController.m in Sources */ = {isa = PBXBuildFile; fileRef = 4DDC6B181EE27FA300A26CE8 /* ViewController.m */; };
		4DDC6B1C1EE27FA300A26CE8 /* Main.storyboard in Resources */ = {isa = PBXBuildFile; fileRef = 4DDC6B1A1EE27FA300A26CE8 /* Main.storyboard */; };
		4DDC6B1E1EE27FA300A26CE8 /* Assets.xcassets in Resources */ = {isa = PBXBuildFile; fileRef = 4DDC6B1D1EE27FA300A26CE8 /* Assets.xcassets */; };
		4DDC6B211EE27FA300A26CE8 /* LaunchScreen.storyboard in Resources */ = {isa = PBXBuildFile; fileRef = 4DDC6B1F1EE27FA300A26CE8 /* LaunchScreen.storyboard */; };
		4DDC6B471EE280F100A26CE8 /* MainUIViewController.m in Sources */ = {isa = PBXBuildFile; fileRef = 4DDC6B451EE280F100A26CE8 /* MainUIViewController.m */; };
		4DDC6B481EE280F100A26CE8 /* MainUIViewController.xib in Resources */ = {isa = PBXBuildFile; fileRef = 4DDC6B461EE280F100A26CE8 /* MainUIViewController.xib */; };
		4DDC6B501EE283C600A26CE8 /* NotificationCenter.framework in Frameworks */ = {isa = PBXBuildFile; fileRef = 4DDC6B4F1EE283C600A26CE8 /* NotificationCenter.framework */; };
		4DDC6B541EE283C600A26CE8 /* TodayViewController.m in Sources */ = {isa = PBXBuildFile; fileRef = 4DDC6B531EE283C600A26CE8 /* TodayViewController.m */; };
		4DDC6B571EE283C600A26CE8 /* MainInterface.storyboard in Resources */ = {isa = PBXBuildFile; fileRef = 4DDC6B551EE283C600A26CE8 /* MainInterface.storyboard */; };
		4DDC6B5B1EE283C600A26CE8 /* MeditationWidget.appex in Embed App Extensions */ = {isa = PBXBuildFile; fileRef = 4DDC6B4D1EE283C600A26CE8 /* MeditationWidget.appex */; settings = {ATTRIBUTES = (RemoveHeadersOnCopy, ); }; };
		4DDC6B611EE29B0700A26CE8 /* infotobe.plist in Resources */ = {isa = PBXBuildFile; fileRef = 4DDC6B601EE29B0700A26CE8 /* infotobe.plist */; };
/* End PBXBuildFile section */

/* Begin PBXContainerItemProxy section */
		4DDC6B281EE27FA300A26CE8 /* PBXContainerItemProxy */ = {
			isa = PBXContainerItemProxy;
			containerPortal = 4DDC6B061EE27FA300A26CE8 /* Project object */;
			proxyType = 1;
			remoteGlobalIDString = 4DDC6B0D1EE27FA300A26CE8;
			remoteInfo = Meditation;
		};
		4DDC6B331EE27FA300A26CE8 /* PBXContainerItemProxy */ = {
			isa = PBXContainerItemProxy;
			containerPortal = 4DDC6B061EE27FA300A26CE8 /* Project object */;
			proxyType = 1;
			remoteGlobalIDString = 4DDC6B0D1EE27FA300A26CE8;
			remoteInfo = Meditation;
		};
		4DDC6B591EE283C600A26CE8 /* PBXContainerItemProxy */ = {
			isa = PBXContainerItemProxy;
			containerPortal = 4DDC6B061EE27FA300A26CE8 /* Project object */;
			proxyType = 1;
			remoteGlobalIDString = 4DDC6B4C1EE283C600A26CE8;
			remoteInfo = MeditationWidget;
		};
/* End PBXContainerItemProxy section */

/* Begin PBXCopyFilesBuildPhase section */
		4DDC6B5F1EE283C600A26CE8 /* Embed App Extensions */ = {
			isa = PBXCopyFilesBuildPhase;
			buildActionMask = 2147483647;
			dstPath = "";
			dstSubfolderSpec = 13;
			files = (
				4DDC6B5B1EE283C600A26CE8 /* MeditationWidget.appex in Embed App Extensions */,
			);
			name = "Embed App Extensions";
			runOnlyForDeploymentPostprocessing = 0;
		};
/* End PBXCopyFilesBuildPhase section */

/* Begin PBXFileReference section */
		4DDC6B0E1EE27FA300A26CE8 /* Meditation.app */ = {isa = PBXFileReference; explicitFileType = wrapper.application; includeInIndex = 0; path = Meditation.app; sourceTree = BUILT_PRODUCTS_DIR; };
		4DDC6B121EE27FA300A26CE8 /* main.m */ = {isa = PBXFileReference; lastKnownFileType = sourcecode.c.objc; path = main.m; sourceTree = "<group>"; };
		4DDC6B141EE27FA300A26CE8 /* AppDelegate.h */ = {isa = PBXFileReference; lastKnownFileType = sourcecode.c.h; path = AppDelegate.h; sourceTree = "<group>"; };
		4DDC6B151EE27FA300A26CE8 /* AppDelegate.m */ = {isa = PBXFileReference; lastKnownFileType = sourcecode.c.objc; path = AppDelegate.m; sourceTree = "<group>"; };
		4DDC6B171EE27FA300A26CE8 /* ViewController.h */ = {isa = PBXFileReference; lastKnownFileType = sourcecode.c.h; path = ViewController.h; sourceTree = "<group>"; };
		4DDC6B181EE27FA300A26CE8 /* ViewController.m */ = {isa = PBXFileReference; lastKnownFileType = sourcecode.c.objc; path = ViewController.m; sourceTree = "<group>"; };
		4DDC6B1B1EE27FA300A26CE8 /* Base */ = {isa = PBXFileReference; lastKnownFileType = file.storyboard; name = Base; path = Base.lproj/Main.storyboard; sourceTree = "<group>"; };
		4DDC6B1D1EE27FA300A26CE8 /* Assets.xcassets */ = {isa = PBXFileReference; lastKnownFileType = folder.assetcatalog; path = Assets.xcassets; sourceTree = "<group>"; };
		4DDC6B201EE27FA300A26CE8 /* Base */ = {isa = PBXFileReference; lastKnownFileType = file.storyboard; name = Base; path = Base.lproj/LaunchScreen.storyboard; sourceTree = "<group>"; };
		4DDC6B221EE27FA300A26CE8 /* Info.plist */ = {isa = PBXFileReference; lastKnownFileType = text.plist.xml; path = Info.plist; sourceTree = "<group>"; };
		4DDC6B271EE27FA300A26CE8 /* MeditationTests.xctest */ = {isa = PBXFileReference; explicitFileType = wrapper.cfbundle; includeInIndex = 0; path = MeditationTests.xctest; sourceTree = BUILT_PRODUCTS_DIR; };
		4DDC6B321EE27FA300A26CE8 /* MeditationUITests.xctest */ = {isa = PBXFileReference; explicitFileType = wrapper.cfbundle; includeInIndex = 0; path = MeditationUITests.xctest; sourceTree = BUILT_PRODUCTS_DIR; };
		4DDC6B441EE280F100A26CE8 /* MainUIViewController.h */ = {isa = PBXFileReference; fileEncoding = 4; lastKnownFileType = sourcecode.c.h; path = MainUIViewController.h; sourceTree = "<group>"; };
		4DDC6B451EE280F100A26CE8 /* MainUIViewController.m */ = {isa = PBXFileReference; fileEncoding = 4; lastKnownFileType = sourcecode.c.objc; path = MainUIViewController.m; sourceTree = "<group>"; };
		4DDC6B461EE280F100A26CE8 /* MainUIViewController.xib */ = {isa = PBXFileReference; fileEncoding = 4; lastKnownFileType = file.xib; path = MainUIViewController.xib; sourceTree = "<group>"; };
		4DDC6B4D1EE283C600A26CE8 /* MeditationWidget.appex */ = {isa = PBXFileReference; explicitFileType = "wrapper.app-extension"; includeInIndex = 0; path = MeditationWidget.appex; sourceTree = BUILT_PRODUCTS_DIR; };
		4DDC6B4F1EE283C600A26CE8 /* NotificationCenter.framework */ = {isa = PBXFileReference; lastKnownFileType = wrapper.framework; name = NotificationCenter.framework; path = System/Library/Frameworks/NotificationCenter.framework; sourceTree = SDKROOT; };
		4DDC6B521EE283C600A26CE8 /* TodayViewController.h */ = {isa = PBXFileReference; lastKnownFileType = sourcecode.c.h; path = TodayViewController.h; sourceTree = "<group>"; };
		4DDC6B531EE283C600A26CE8 /* TodayViewController.m */ = {isa = PBXFileReference; lastKnownFileType = sourcecode.c.objc; path = TodayViewController.m; sourceTree = "<group>"; };
		4DDC6B561EE283C600A26CE8 /* Base */ = {isa = PBXFileReference; lastKnownFileType = file.storyboard; name = Base; path = Base.lproj/MainInterface.storyboard; sourceTree = "<group>"; };
		4DDC6B581EE283C600A26CE8 /* Info.plist */ = {isa = PBXFileReference; lastKnownFileType = text.plist.xml; path = Info.plist; sourceTree = "<group>"; };
		4DDC6B601EE29B0700A26CE8 /* infotobe.plist */ = {isa = PBXFileReference; fileEncoding = 4; lastKnownFileType = text.plist.xml; path = infotobe.plist; sourceTree = "<group>"; };
/* End PBXFileReference section */

/* Begin PBXFrameworksBuildPhase section */
		4DDC6B0B1EE27FA300A26CE8 /* Frameworks */ = {
			isa = PBXFrameworksBuildPhase;
			buildActionMask = 2147483647;
			files = (
			);
			runOnlyForDeploymentPostprocessing = 0;
		};
		4DDC6B241EE27FA300A26CE8 /* Frameworks */ = {
			isa = PBXFrameworksBuildPhase;
			buildActionMask = 2147483647;
			files = (
			);
			runOnlyForDeploymentPostprocessing = 0;
		};
		4DDC6B2F1EE27FA300A26CE8 /* Frameworks */ = {
			isa = PBXFrameworksBuildPhase;
			buildActionMask = 2147483647;
			files = (
			);
			runOnlyForDeploymentPostprocessing = 0;
		};
		4DDC6B4A1EE283C600A26CE8 /* Frameworks */ = {
			isa = PBXFrameworksBuildPhase;
			buildActionMask = 2147483647;
			files = (
				4DDC6B501EE283C600A26CE8 /* NotificationCenter.framework in Frameworks */,
			);
			runOnlyForDeploymentPostprocessing = 0;
		};
/* End PBXFrameworksBuildPhase section */

/* Begin PBXGroup section */
		4DDC6B051EE27FA300A26CE8 = {
			isa = PBXGroup;
			children = (
				4DDC6B101EE27FA300A26CE8 /* Meditation */,
				4DDC6B511EE283C600A26CE8 /* MeditationWidget */,
				4DDC6B4E1EE283C600A26CE8 /* Frameworks */,
				4DDC6B0F1EE27FA300A26CE8 /* Products */,
			);
			sourceTree = "<group>";
		};
		4DDC6B0F1EE27FA300A26CE8 /* Products */ = {
			isa = PBXGroup;
			children = (
				4DDC6B0E1EE27FA300A26CE8 /* Meditation.app */,
				4DDC6B271EE27FA300A26CE8 /* MeditationTests.xctest */,
				4DDC6B321EE27FA300A26CE8 /* MeditationUITests.xctest */,
				4DDC6B4D1EE283C600A26CE8 /* MeditationWidget.appex */,
			);
			name = Products;
			sourceTree = "<group>";
		};
		4DDC6B101EE27FA300A26CE8 /* Meditation */ = {
			isa = PBXGroup;
			children = (
				4DDC6B141EE27FA300A26CE8 /* AppDelegate.h */,
				4DDC6B151EE27FA300A26CE8 /* AppDelegate.m */,
				4DDC6B171EE27FA300A26CE8 /* ViewController.h */,
				4DDC6B181EE27FA300A26CE8 /* ViewController.m */,
				4DDC6B1A1EE27FA300A26CE8 /* Main.storyboard */,
				4DDC6B1D1EE27FA300A26CE8 /* Assets.xcassets */,
				4DDC6B1F1EE27FA300A26CE8 /* LaunchScreen.storyboard */,
				4DDC6B221EE27FA300A26CE8 /* Info.plist */,
				4DDC6B111EE27FA300A26CE8 /* Supporting Files */,
				4DDC6B441EE280F100A26CE8 /* MainUIViewController.h */,
				4DDC6B451EE280F100A26CE8 /* MainUIViewController.m */,
				4DDC6B461EE280F100A26CE8 /* MainUIViewController.xib */,
				4DDC6B601EE29B0700A26CE8 /* infotobe.plist */,
			);
			path = Meditation;
			sourceTree = "<group>";
		};
		4DDC6B111EE27FA300A26CE8 /* Supporting Files */ = {
			isa = PBXGroup;
			children = (
				4DDC6B121EE27FA300A26CE8 /* main.m */,
			);
			name = "Supporting Files";
			sourceTree = "<group>";
		};
		4DDC6B4E1EE283C600A26CE8 /* Frameworks */ = {
			isa = PBXGroup;
			children = (
				4DDC6B4F1EE283C600A26CE8 /* NotificationCenter.framework */,
			);
			name = Frameworks;
			sourceTree = "<group>";
		};
		4DDC6B511EE283C600A26CE8 /* MeditationWidget */ = {
			isa = PBXGroup;
			children = (
				4DDC6B521EE283C600A26CE8 /* TodayViewController.h */,
				4DDC6B531EE283C600A26CE8 /* TodayViewController.m */,
				4DDC6B551EE283C600A26CE8 /* MainInterface.storyboard */,
				4DDC6B581EE283C600A26CE8 /* Info.plist */,
			);
			path = MeditationWidget;
			sourceTree = "<group>";
		};
/* End PBXGroup section */

/* Begin PBXNativeTarget section */
		4DDC6B0D1EE27FA300A26CE8 /* Meditation */ = {
			isa = PBXNativeTarget;
			buildConfigurationList = 4DDC6B3B1EE27FA300A26CE8 /* Build configuration list for PBXNativeTarget "Meditation" */;
			buildPhases = (
				4DDC6B0A1EE27FA300A26CE8 /* Sources */,
				4DDC6B0B1EE27FA300A26CE8 /* Frameworks */,
				4DDC6B0C1EE27FA300A26CE8 /* Resources */,
				4DDC6B5F1EE283C600A26CE8 /* Embed App Extensions */,
			);
			buildRules = (
			);
			dependencies = (
				4DDC6B5A1EE283C600A26CE8 /* PBXTargetDependency */,
			);
			name = Meditation;
			productName = Meditation;
			productReference = 4DDC6B0E1EE27FA300A26CE8 /* Meditation.app */;
			productType = "com.apple.product-type.application";
		};
		4DDC6B261EE27FA300A26CE8 /* MeditationTests */ = {
			isa = PBXNativeTarget;
			buildConfigurationList = 4DDC6B3E1EE27FA300A26CE8 /* Build configuration list for PBXNativeTarget "MeditationTests" */;
			buildPhases = (
				4DDC6B231EE27FA300A26CE8 /* Sources */,
				4DDC6B241EE27FA300A26CE8 /* Frameworks */,
				4DDC6B251EE27FA300A26CE8 /* Resources */,
			);
			buildRules = (
			);
			dependencies = (
				4DDC6B291EE27FA300A26CE8 /* PBXTargetDependency */,
			);
			name = MeditationTests;
			productName = MeditationTests;
			productReference = 4DDC6B271EE27FA300A26CE8 /* MeditationTests.xctest */;
			productType = "com.apple.product-type.bundle.unit-test";
		};
		4DDC6B311EE27FA300A26CE8 /* MeditationUITests */ = {
			isa = PBXNativeTarget;
			buildConfigurationList = 4DDC6B411EE27FA300A26CE8 /* Build configuration list for PBXNativeTarget "MeditationUITests" */;
			buildPhases = (
				4DDC6B2E1EE27FA300A26CE8 /* Sources */,
				4DDC6B2F1EE27FA300A26CE8 /* Frameworks */,
				4DDC6B301EE27FA300A26CE8 /* Resources */,
			);
			buildRules = (
			);
			dependencies = (
				4DDC6B341EE27FA300A26CE8 /* PBXTargetDependency */,
			);
			name = MeditationUITests;
			productName = MeditationUITests;
			productReference = 4DDC6B321EE27FA300A26CE8 /* MeditationUITests.xctest */;
			productType = "com.apple.product-type.bundle.ui-testing";
		};
		4DDC6B4C1EE283C600A26CE8 /* MeditationWidget */ = {
			isa = PBXNativeTarget;
			buildConfigurationList = 4DDC6B5E1EE283C600A26CE8 /* Build configuration list for PBXNativeTarget "MeditationWidget" */;
			buildPhases = (
				4DDC6B491EE283C600A26CE8 /* Sources */,
				4DDC6B4A1EE283C600A26CE8 /* Frameworks */,
				4DDC6B4B1EE283C600A26CE8 /* Resources */,
			);
			buildRules = (
			);
			dependencies = (
			);
			name = MeditationWidget;
			productName = MeditationWidget;
			productReference = 4DDC6B4D1EE283C600A26CE8 /* MeditationWidget.appex */;
			productType = "com.apple.product-type.app-extension";
		};
/* End PBXNativeTarget section */

/* Begin PBXProject section */
		4DDC6B061EE27FA300A26CE8 /* Project object */ = {
			isa = PBXProject;
			attributes = {
				LastUpgradeCheck = 0830;
				ORGANIZATIONNAME = oyty;
				TargetAttributes = {
					4DDC6B0D1EE27FA300A26CE8 = {
						CreatedOnToolsVersion = 8.3.2;
						DevelopmentTeam = KQEEXHDD6G;
						ProvisioningStyle = Automatic;
					};
					4DDC6B261EE27FA300A26CE8 = {
						CreatedOnToolsVersion = 8.3.2;
						DevelopmentTeam = KQEEXHDD6G;
						ProvisioningStyle = Automatic;
						TestTargetID = 4DDC6B0D1EE27FA300A26CE8;
					};
					4DDC6B311EE27FA300A26CE8 = {
						CreatedOnToolsVersion = 8.3.2;
						DevelopmentTeam = KQEEXHDD6G;
						ProvisioningStyle = Automatic;
						TestTargetID = 4DDC6B0D1EE27FA300A26CE8;
					};
					4DDC6B4C1EE283C600A26CE8 = {
						CreatedOnToolsVersion = 8.3.2;
						DevelopmentTeam = KQEEXHDD6G;
						ProvisioningStyle = Automatic;
					};
				};
			};
			buildConfigurationList = 4DDC6B091EE27FA300A26CE8 /* Build configuration list for PBXProject "Meditation" */;
			compatibilityVersion = "Xcode 3.2";
			developmentRegion = English;
			hasScannedForEncodings = 0;
			knownRegions = (
				en,
				Base,
			);
			mainGroup = 4DDC6B051EE27FA300A26CE8;
			productRefGroup = 4DDC6B0F1EE27FA300A26CE8 /* Products */;
			projectDirPath = "";
			projectRoot = "";
			targets = (
				4DDC6B0D1EE27FA300A26CE8 /* Meditation */,
				4DDC6B261EE27FA300A26CE8 /* MeditationTests */,
				4DDC6B311EE27FA300A26CE8 /* MeditationUITests */,
				4DDC6B4C1EE283C600A26CE8 /* MeditationWidget */,
			);
		};
/* End PBXProject section */

/* Begin PBXResourcesBuildPhase section */
		4DDC6B0C1EE27FA300A26CE8 /* Resources */ = {
			isa = PBXResourcesBuildPhase;
			buildActionMask = 2147483647;
			files = (
				4DDC6B611EE29B0700A26CE8 /* infotobe.plist in Resources */,
				4DDC6B211EE27FA300A26CE8 /* LaunchScreen.storyboard in Resources */,
				4DDC6B1E1EE27FA300A26CE8 /* Assets.xcassets in Resources */,
				4DDC6B1C1EE27FA300A26CE8 /* Main.storyboard in Resources */,
				4DDC6B481EE280F100A26CE8 /* MainUIViewController.xib in Resources */,
			);
			runOnlyForDeploymentPostprocessing = 0;
		};
		4DDC6B251EE27FA300A26CE8 /* Resources */ = {
			isa = PBXResourcesBuildPhase;
			buildActionMask = 2147483647;
			files = (
			);
			runOnlyForDeploymentPostprocessing = 0;
		};
		4DDC6B301EE27FA300A26CE8 /* Resources */ = {
			isa = PBXResourcesBuildPhase;
			buildActionMask = 2147483647;
			files = (
			);
			runOnlyForDeploymentPostprocessing = 0;
		};
		4DDC6B4B1EE283C600A26CE8 /* Resources */ = {
			isa = PBXResourcesBuildPhase;
			buildActionMask = 2147483647;
			files = (
				4DDC6B571EE283C600A26CE8 /* MainInterface.storyboard in Resources */,
			);
			runOnlyForDeploymentPostprocessing = 0;
		};
/* End PBXResourcesBuildPhase section */

/* Begin PBXSourcesBuildPhase section */
		4DDC6B0A1EE27FA300A26CE8 /* Sources */ = {
			isa = PBXSourcesBuildPhase;
			buildActionMask = 2147483647;
			files = (
				4DDC6B191EE27FA300A26CE8 /* ViewController.m in Sources */,
				4DDC6B161EE27FA300A26CE8 /* AppDelegate.m in Sources */,
				4DDC6B131EE27FA300A26CE8 /* main.m in Sources */,
				4DDC6B471EE280F100A26CE8 /* MainUIViewController.m in Sources */,
			);
			runOnlyForDeploymentPostprocessing = 0;
		};
		4DDC6B231EE27FA300A26CE8 /* Sources */ = {
			isa = PBXSourcesBuildPhase;
			buildActionMask = 2147483647;
			files = (
			);
			runOnlyForDeploymentPostprocessing = 0;
		};
		4DDC6B2E1EE27FA300A26CE8 /* Sources */ = {
			isa = PBXSourcesBuildPhase;
			buildActionMask = 2147483647;
			files = (
			);
			runOnlyForDeploymentPostprocessing = 0;
		};
		4DDC6B491EE283C600A26CE8 /* Sources */ = {
			isa = PBXSourcesBuildPhase;
			buildActionMask = 2147483647;
			files = (
				4DDC6B541EE283C600A26CE8 /* TodayViewController.m in Sources */,
			);
			runOnlyForDeploymentPostprocessing = 0;
		};
/* End PBXSourcesBuildPhase section */

/* Begin PBXTargetDependency section */
		4DDC6B291EE27FA300A26CE8 /* PBXTargetDependency */ = {
			isa = PBXTargetDependency;
			target = 4DDC6B0D1EE27FA300A26CE8 /* Meditation */;
			targetProxy = 4DDC6B281EE27FA300A26CE8 /* PBXContainerItemProxy */;
		};
		4DDC6B341EE27FA300A26CE8 /* PBXTargetDependency */ = {
			isa = PBXTargetDependency;
			target = 4DDC6B0D1EE27FA300A26CE8 /* Meditation */;
			targetProxy = 4DDC6B331EE27FA300A26CE8 /* PBXContainerItemProxy */;
		};
		4DDC6B5A1EE283C600A26CE8 /* PBXTargetDependency */ = {
			isa = PBXTargetDependency;
			target = 4DDC6B4C1EE283C600A26CE8 /* MeditationWidget */;
			targetProxy = 4DDC6B591EE283C600A26CE8 /* PBXContainerItemProxy */;
		};
/* End PBXTargetDependency section */

/* Begin PBXVariantGroup section */
		4DDC6B1A1EE27FA300A26CE8 /* Main.storyboard */ = {
			isa = PBXVariantGroup;
			children = (
				4DDC6B1B1EE27FA300A26CE8 /* Base */,
			);
			name = Main.storyboard;
			sourceTree = "<group>";
		};
		4DDC6B1F1EE27FA300A26CE8 /* LaunchScreen.storyboard */ = {
			isa = PBXVariantGroup;
			children = (
				4DDC6B201EE27FA300A26CE8 /* Base */,
			);
			name = LaunchScreen.storyboard;
			sourceTree = "<group>";
		};
		4DDC6B551EE283C600A26CE8 /* MainInterface.storyboard */ = {
			isa = PBXVariantGroup;
			children = (
				4DDC6B561EE283C600A26CE8 /* Base */,
			);
			name = MainInterface.storyboard;
			sourceTree = "<group>";
		};
/* End PBXVariantGroup section */

/* Begin XCBuildConfiguration section */
		4DDC6B391EE27FA300A26CE8 /* Debug */ = {
			isa = XCBuildConfiguration;
			buildSettings = {
				ALWAYS_SEARCH_USER_PATHS = NO;
				CLANG_ANALYZER_NONNULL = YES;
				CLANG_ANALYZER_NUMBER_OBJECT_CONVERSION = YES_AGGRESSIVE;
				CLANG_CXX_LANGUAGE_STANDARD = "gnu++0x";
				CLANG_CXX_LIBRARY = "libc++";
				CLANG_ENABLE_MODULES = YES;
				CLANG_ENABLE_OBJC_ARC = YES;
				CLANG_WARN_BOOL_CONVERSION = YES;
				CLANG_WARN_CONSTANT_CONVERSION = YES;
				CLANG_WARN_DIRECT_OBJC_ISA_USAGE = YES_ERROR;
				CLANG_WARN_DOCUMENTATION_COMMENTS = YES;
				CLANG_WARN_EMPTY_BODY = YES;
				CLANG_WARN_ENUM_CONVERSION = YES;
				CLANG_WARN_INFINITE_RECURSION = YES;
				CLANG_WARN_INT_CONVERSION = YES;
				CLANG_WARN_OBJC_ROOT_CLASS = YES_ERROR;
				CLANG_WARN_SUSPICIOUS_MOVE = YES;
				CLANG_WARN_UNREACHABLE_CODE = YES;
				CLANG_WARN__DUPLICATE_METHOD_MATCH = YES;
				"CODE_SIGN_IDENTITY[sdk=iphoneos*]" = "iPhone Developer";
				COPY_PHASE_STRIP = NO;
				DEBUG_INFORMATION_FORMAT = dwarf;
				ENABLE_STRICT_OBJC_MSGSEND = YES;
				ENABLE_TESTABILITY = YES;
				GCC_C_LANGUAGE_STANDARD = gnu99;
				GCC_DYNAMIC_NO_PIC = NO;
				GCC_NO_COMMON_BLOCKS = YES;
				GCC_OPTIMIZATION_LEVEL = 0;
				GCC_PREPROCESSOR_DEFINITIONS = (
					"DEBUG=1",
					"$(inherited)",
				);
				GCC_WARN_64_TO_32_BIT_CONVERSION = YES;
				GCC_WARN_ABOUT_RETURN_TYPE = YES_ERROR;
				GCC_WARN_UNDECLARED_SELECTOR = YES;
				GCC_WARN_UNINITIALIZED_AUTOS = YES_AGGRESSIVE;
				GCC_WARN_UNUSED_FUNCTION = YES;
				GCC_WARN_UNUSED_VARIABLE = YES;
				IPHONEOS_DEPLOYMENT_TARGET = 10.3;
				MTL_ENABLE_DEBUG_INFO = YES;
				ONLY_ACTIVE_ARCH = YES;
				SDKROOT = iphoneos;
			};
			name = Debug;
		};
		4DDC6B3A1EE27FA300A26CE8 /* Release */ = {
			isa = XCBuildConfiguration;
			buildSettings = {
				ALWAYS_SEARCH_USER_PATHS = NO;
				CLANG_ANALYZER_NONNULL = YES;
				CLANG_ANALYZER_NUMBER_OBJECT_CONVERSION = YES_AGGRESSIVE;
				CLANG_CXX_LANGUAGE_STANDARD = "gnu++0x";
				CLANG_CXX_LIBRARY = "libc++";
				CLANG_ENABLE_MODULES = YES;
				CLANG_ENABLE_OBJC_ARC = YES;
				CLANG_WARN_BOOL_CONVERSION = YES;
				CLANG_WARN_CONSTANT_CONVERSION = YES;
				CLANG_WARN_DIRECT_OBJC_ISA_USAGE = YES_ERROR;
				CLANG_WARN_DOCUMENTATION_COMMENTS = YES;
				CLANG_WARN_EMPTY_BODY = YES;
				CLANG_WARN_ENUM_CONVERSION = YES;
				CLANG_WARN_INFINITE_RECURSION = YES;
				CLANG_WARN_INT_CONVERSION = YES;
				CLANG_WARN_OBJC_ROOT_CLASS = YES_ERROR;
				CLANG_WARN_SUSPICIOUS_MOVE = YES;
				CLANG_WARN_UNREACHABLE_CODE = YES;
				CLANG_WARN__DUPLICATE_METHOD_MATCH = YES;
				"CODE_SIGN_IDENTITY[sdk=iphoneos*]" = "iPhone Developer";
				COPY_PHASE_STRIP = NO;
				DEBUG_INFORMATION_FORMAT = "dwarf-with-dsym";
				ENABLE_NS_ASSERTIONS = NO;
				ENABLE_STRICT_OBJC_MSGSEND = YES;
				GCC_C_LANGUAGE_STANDARD = gnu99;
				GCC_NO_COMMON_BLOCKS = YES;
				GCC_WARN_64_TO_32_BIT_CONVERSION = YES;
				GCC_WARN_ABOUT_RETURN_TYPE = YES_ERROR;
				GCC_WARN_UNDECLARED_SELECTOR = YES;
				GCC_WARN_UNINITIALIZED_AUTOS = YES_AGGRESSIVE;
				GCC_WARN_UNUSED_FUNCTION = YES;
				GCC_WARN_UNUSED_VARIABLE = YES;
				IPHONEOS_DEPLOYMENT_TARGET = 10.3;
				MTL_ENABLE_DEBUG_INFO = NO;
				SDKROOT = iphoneos;
				VALIDATE_PRODUCT = YES;
			};
			name = Release;
		};
		4DDC6B3C1EE27FA300A26CE8 /* Debug */ = {
			isa = XCBuildConfiguration;
			buildSettings = {
				ASSETCATALOG_COMPILER_APPICON_NAME = AppIcon;
				DEVELOPMENT_TEAM = KQEEXHDD6G;
				INFOPLIST_FILE = Meditation/Info.plist;
				LD_RUNPATH_SEARCH_PATHS = "$(inherited) @executable_path/Frameworks";
				PRODUCT_BUNDLE_IDENTIFIER = com.oyty.Meditation;
				PRODUCT_NAME = "$(TARGET_NAME)";
			};
			name = Debug;
		};
		4DDC6B3D1EE27FA300A26CE8 /* Release */ = {
			isa = XCBuildConfiguration;
			buildSettings = {
				ASSETCATALOG_COMPILER_APPICON_NAME = AppIcon;
				DEVELOPMENT_TEAM = KQEEXHDD6G;
				INFOPLIST_FILE = Meditation/Info.plist;
				LD_RUNPATH_SEARCH_PATHS = "$(inherited) @executable_path/Frameworks";
				PRODUCT_BUNDLE_IDENTIFIER = com.oyty.Meditation;
				PRODUCT_NAME = "$(TARGET_NAME)";
			};
			name = Release;
		};
		4DDC6B3F1EE27FA300A26CE8 /* Debug */ = {
			isa = XCBuildConfiguration;
			buildSettings = {
				BUNDLE_LOADER = "$(TEST_HOST)";
				DEVELOPMENT_TEAM = KQEEXHDD6G;
				INFOPLIST_FILE = MeditationTests/Info.plist;
				LD_RUNPATH_SEARCH_PATHS = "$(inherited) @executable_path/Frameworks @loader_path/Frameworks";
				PRODUCT_BUNDLE_IDENTIFIER = com.oyty.MeditationTests;
				PRODUCT_NAME = "$(TARGET_NAME)";
				TEST_HOST = "$(BUILT_PRODUCTS_DIR)/Meditation.app/Meditation";
			};
			name = Debug;
		};
		4DDC6B401EE27FA300A26CE8 /* Release */ = {
			isa = XCBuildConfiguration;
			buildSettings = {
				BUNDLE_LOADER = "$(TEST_HOST)";
				DEVELOPMENT_TEAM = KQEEXHDD6G;
				INFOPLIST_FILE = MeditationTests/Info.plist;
				LD_RUNPATH_SEARCH_PATHS = "$(inherited) @executable_path/Frameworks @loader_path/Frameworks";
				PRODUCT_BUNDLE_IDENTIFIER = com.oyty.MeditationTests;
				PRODUCT_NAME = "$(TARGET_NAME)";
				TEST_HOST = "$(BUILT_PRODUCTS_DIR)/Meditation.app/Meditation";
			};
			name = Release;
		};
		4DDC6B421EE27FA300A26CE8 /* Debug */ = {
			isa = XCBuildConfiguration;
			buildSettings = {
				DEVELOPMENT_TEAM = KQEEXHDD6G;
				INFOPLIST_FILE = MeditationUITests/Info.plist;
				LD_RUNPATH_SEARCH_PATHS = "$(inherited) @executable_path/Frameworks @loader_path/Frameworks";
				PRODUCT_BUNDLE_IDENTIFIER = com.oyty.MeditationUITests;
				PRODUCT_NAME = "$(TARGET_NAME)";
				TEST_TARGET_NAME = Meditation;
			};
			name = Debug;
		};
		4DDC6B431EE27FA300A26CE8 /* Release */ = {
			isa = XCBuildConfiguration;
			buildSettings = {
				DEVELOPMENT_TEAM = KQEEXHDD6G;
				INFOPLIST_FILE = MeditationUITests/Info.plist;
				LD_RUNPATH_SEARCH_PATHS = "$(inherited) @executable_path/Frameworks @loader_path/Frameworks";
				PRODUCT_BUNDLE_IDENTIFIER = com.oyty.MeditationUITests;
				PRODUCT_NAME = "$(TARGET_NAME)";
				TEST_TARGET_NAME = Meditation;
			};
			name = Release;
		};
		4DDC6B5C1EE283C600A26CE8 /* Debug */ = {
			isa = XCBuildConfiguration;
			buildSettings = {
				DEVELOPMENT_TEAM = KQEEXHDD6G;
				INFOPLIST_FILE = MeditationWidget/Info.plist;
				LD_RUNPATH_SEARCH_PATHS = "$(inherited) @executable_path/Frameworks @executable_path/../../Frameworks";
				PRODUCT_BUNDLE_IDENTIFIER = com.oyty.Meditation.MeditationWidget;
				PRODUCT_NAME = "$(TARGET_NAME)";
				SKIP_INSTALL = YES;
			};
			name = Debug;
		};
		4DDC6B5D1EE283C600A26CE8 /* Release */ = {
			isa = XCBuildConfiguration;
			buildSettings = {
				DEVELOPMENT_TEAM = KQEEXHDD6G;
				INFOPLIST_FILE = MeditationWidget/Info.plist;
				LD_RUNPATH_SEARCH_PATHS = "$(inherited) @executable_path/Frameworks @executable_path/../../Frameworks";
				PRODUCT_BUNDLE_IDENTIFIER = com.oyty.Meditation.MeditationWidget;
				PRODUCT_NAME = "$(TARGET_NAME)";
				SKIP_INSTALL = YES;
			};
			name = Release;
		};
/* End XCBuildConfiguration section */

/* Begin XCConfigurationList section */
		4DDC6B091EE27FA300A26CE8 /* Build configuration list for PBXProject "Meditation" */ = {
			isa = XCConfigurationList;
			buildConfigurations = (
				4DDC6B391EE27FA300A26CE8 /* Debug */,
				4DDC6B3A1EE27FA300A26CE8 /* Release */,
			);
			defaultConfigurationIsVisible = 0;
			defaultConfigurationName = Release;
		};
		4DDC6B3B1EE27FA300A26CE8 /* Build configuration list for PBXNativeTarget "Meditation" */ = {
			isa = XCConfigurationList;
			buildConfigurations = (
				4DDC6B3C1EE27FA300A26CE8 /* Debug */,
				4DDC6B3D1EE27FA300A26CE8 /* Release */,
			);
			defaultConfigurationIsVisible = 0;
			defaultConfigurationName = Release;
		};
		4DDC6B3E1EE27FA300A26CE8 /* Build configuration list for PBXNativeTarget "MeditationTests" */ = {
			isa = XCConfigurationList;
			buildConfigurations = (
				4DDC6B3F1EE27FA300A26CE8 /* Debug */,
				4DDC6B401EE27FA300A26CE8 /* Release */,
			);
			defaultConfigurationIsVisible = 0;
			defaultConfigurationName = Release;
		};
		4DDC6B411EE27FA300A26CE8 /* Build configuration list for PBXNativeTarget "MeditationUITests" */ = {
			isa = XCConfigurationList;
			buildConfigurations = (
				4DDC6B421EE27FA300A26CE8 /* Debug */,
				4DDC6B431EE27FA300A26CE8 /* Release */,
			);
			defaultConfigurationIsVisible = 0;
			defaultConfigurationName = Release;
		};
		4DDC6B5E1EE283C600A26CE8 /* Build configuration list for PBXNativeTarget "MeditationWidget" */ = {
			isa = XCConfigurationList;
			buildConfigurations = (
				4DDC6B5C1EE283C600A26CE8 /* Debug */,
				4DDC6B5D1EE283C600A26CE8 /* Release */,
			);
			defaultConfigurationIsVisible = 0;
		};
/* End XCConfigurationList section */
	};
	rootObject = 4DDC6B061EE27FA300A26CE8 /* Project object */;
}
